
Microsoft Visual Studio Solution File, Format Version 12.00
# Visual Studio Version 17
VisualStudioVersion = 17.0.31903.59
MinimumVisualStudioVersion = 10.0.40219.1
Project("{FAE04EC0-301F-11D3-BF4B-00C04F79EFBC}") = "Generator", "Generator\Generator.csproj", "{F34375A3-D405-42DB-B007-7F2ED3C64CF0}"
EndProject
Project("{FAE04EC0-301F-11D3-BF4B-00C04F79EFBC}") = "KnockOff", "KnockOff\KnockOff.csproj", "{E4A428B1-DA7E-40BD-857C-94F09E0833E6}"
EndProject
Project("{2150E333-8FDC-42A3-9474-1A3956D46DE8}") = "Tests", "Tests", "{0AB3BF05-4346-4AA6-1389-037BE0695223}"
EndProject
Project("{FAE04EC0-301F-11D3-BF4B-00C04F79EFBC}") = "KnockOffTests", "Tests\KnockOffTests\KnockOffTests.csproj", "{DDD5F3D5-685C-46A6-8531-012210301755}"
EndProject
Project("{FAE04EC0-301F-11D3-BF4B-00C04F79EFBC}") = "KnockOffSandbox", "Tests\KnockOffSandbox\KnockOffSandbox.csproj", "{602E5988-4695-4F42-A2F9-4498384332C4}"
EndProject
Project("{FAE04EC0-301F-11D3-BF4B-00C04F79EFBC}") = "KnockOff.Documentation.Samples", "Tests\KnockOff.Documentation.Samples\KnockOff.Documentation.Samples.csproj", "{A1B2C3D4-E5F6-4A5B-8C9D-0E1F2A3B4C5D}"
EndProject
Project("{FAE04EC0-301F-11D3-BF4B-00C04F79EFBC}") = "KnockOff.Documentation.Samples.Tests", "Tests\KnockOff.Documentation.Samples.Tests\KnockOff.Documentation.Samples.Tests.csproj", "{B2C3D4E5-F6A7-4B5C-9D0E-1F2A3B4C5D6E}"
EndProject
Project("{2150E333-8FDC-42A3-9474-1A3956D46DE8}") = "Benchmarks", "Benchmarks", "{66320409-64EC-F7C5-3DEF-65E7510DAAD1}"
EndProject
Project("{FAE04EC0-301F-11D3-BF4B-00C04F79EFBC}") = "KnockOff.Benchmarks", "Benchmarks\KnockOff.Benchmarks\KnockOff.Benchmarks.csproj", "{234E9998-DFE1-4619-8057-9873939D51AB}"
EndProject
Project("{FAE04EC0-301F-11D3-BF4B-00C04F79EFBC}") = "KnockOff.NeatooInterfaceTests", "Tests\KnockOff.NeatooInterfaceTests\KnockOff.NeatooInterfaceTests.csproj", "{2D78738F-0959-4E81-BEA0-409A3CCFFF4B}"
EndProject
Global
	GlobalSection(SolutionConfigurationPlatforms) = preSolution
		Debug|Any CPU = Debug|Any CPU
		Debug|x64 = Debug|x64
		Debug|x86 = Debug|x86
		Release|Any CPU = Release|Any CPU
		Release|x64 = Release|x64
		Release|x86 = Release|x86
	EndGlobalSection
	GlobalSection(ProjectConfigurationPlatforms) = postSolution
		{F34375A3-D405-42DB-B007-7F2ED3C64CF0}.Debug|Any CPU.ActiveCfg = Debug|Any CPU
		{F34375A3-D405-42DB-B007-7F2ED3C64CF0}.Debug|Any CPU.Build.0 = Debug|Any CPU
		{F34375A3-D405-42DB-B007-7F2ED3C64CF0}.Debug|x64.ActiveCfg = Debug|Any CPU
		{F34375A3-D405-42DB-B007-7F2ED3C64CF0}.Debug|x64.Build.0 = Debug|Any CPU
		{F34375A3-D405-42DB-B007-7F2ED3C64CF0}.Debug|x86.ActiveCfg = Debug|Any CPU
		{F34375A3-D405-42DB-B007-7F2ED3C64CF0}.Debug|x86.Build.0 = Debug|Any CPU
		{F34375A3-D405-42DB-B007-7F2ED3C64CF0}.Release|Any CPU.ActiveCfg = Release|Any CPU
		{F34375A3-D405-42DB-B007-7F2ED3C64CF0}.Release|Any CPU.Build.0 = Release|Any CPU
		{F34375A3-D405-42DB-B007-7F2ED3C64CF0}.Release|x64.ActiveCfg = Release|Any CPU
		{F34375A3-D405-42DB-B007-7F2ED3C64CF0}.Release|x64.Build.0 = Release|Any CPU
		{F34375A3-D405-42DB-B007-7F2ED3C64CF0}.Release|x86.ActiveCfg = Release|Any CPU
		{F34375A3-D405-42DB-B007-7F2ED3C64CF0}.Release|x86.Build.0 = Release|Any CPU
		{E4A428B1-DA7E-40BD-857C-94F09E0833E6}.Debug|Any CPU.ActiveCfg = Debug|Any CPU
		{E4A428B1-DA7E-40BD-857C-94F09E0833E6}.Debug|Any CPU.Build.0 = Debug|Any CPU
		{E4A428B1-DA7E-40BD-857C-94F09E0833E6}.Debug|x64.ActiveCfg = Debug|Any CPU
		{E4A428B1-DA7E-40BD-857C-94F09E0833E6}.Debug|x64.Build.0 = Debug|Any CPU
		{E4A428B1-DA7E-40BD-857C-94F09E0833E6}.Debug|x86.ActiveCfg = Debug|Any CPU
		{E4A428B1-DA7E-40BD-857C-94F09E0833E6}.Debug|x86.Build.0 = Debug|Any CPU
		{E4A428B1-DA7E-40BD-857C-94F09E0833E6}.Release|Any CPU.ActiveCfg = Release|Any CPU
		{E4A428B1-DA7E-40BD-857C-94F09E0833E6}.Release|Any CPU.Build.0 = Release|Any CPU
		{E4A428B1-DA7E-40BD-857C-94F09E0833E6}.Release|x64.ActiveCfg = Release|Any CPU
		{E4A428B1-DA7E-40BD-857C-94F09E0833E6}.Release|x64.Build.0 = Release|Any CPU
		{E4A428B1-DA7E-40BD-857C-94F09E0833E6}.Release|x86.ActiveCfg = Release|Any CPU
		{E4A428B1-DA7E-40BD-857C-94F09E0833E6}.Release|x86.Build.0 = Release|Any CPU
		{DDD5F3D5-685C-46A6-8531-012210301755}.Debug|Any CPU.ActiveCfg = Debug|Any CPU
		{DDD5F3D5-685C-46A6-8531-012210301755}.Debug|Any CPU.Build.0 = Debug|Any CPU
		{DDD5F3D5-685C-46A6-8531-012210301755}.Debug|x64.ActiveCfg = Debug|Any CPU
		{DDD5F3D5-685C-46A6-8531-012210301755}.Debug|x64.Build.0 = Debug|Any CPU
		{DDD5F3D5-685C-46A6-8531-012210301755}.Debug|x86.ActiveCfg = Debug|Any CPU
		{DDD5F3D5-685C-46A6-8531-012210301755}.Debug|x86.Build.0 = Debug|Any CPU
		{DDD5F3D5-685C-46A6-8531-012210301755}.Release|Any CPU.ActiveCfg = Release|Any CPU
		{DDD5F3D5-685C-46A6-8531-012210301755}.Release|Any CPU.Build.0 = Release|Any CPU
		{DDD5F3D5-685C-46A6-8531-012210301755}.Release|x64.ActiveCfg = Release|Any CPU
		{DDD5F3D5-685C-46A6-8531-012210301755}.Release|x64.Build.0 = Release|Any CPU
		{DDD5F3D5-685C-46A6-8531-012210301755}.Release|x86.ActiveCfg = Release|Any CPU
		{DDD5F3D5-685C-46A6-8531-012210301755}.Release|x86.Build.0 = Release|Any CPU
		{602E5988-4695-4F42-A2F9-4498384332C4}.Debug|Any CPU.ActiveCfg = Debug|Any CPU
		{602E5988-4695-4F42-A2F9-4498384332C4}.Debug|Any CPU.Build.0 = Debug|Any CPU
		{602E5988-4695-4F42-A2F9-4498384332C4}.Debug|x64.ActiveCfg = Debug|Any CPU
		{602E5988-4695-4F42-A2F9-4498384332C4}.Debug|x64.Build.0 = Debug|Any CPU
		{602E5988-4695-4F42-A2F9-4498384332C4}.Debug|x86.ActiveCfg = Debug|Any CPU
		{602E5988-4695-4F42-A2F9-4498384332C4}.Debug|x86.Build.0 = Debug|Any CPU
		{602E5988-4695-4F42-A2F9-4498384332C4}.Release|Any CPU.ActiveCfg = Release|Any CPU
		{602E5988-4695-4F42-A2F9-4498384332C4}.Release|Any CPU.Build.0 = Release|Any CPU
		{602E5988-4695-4F42-A2F9-4498384332C4}.Release|x64.ActiveCfg = Release|Any CPU
		{602E5988-4695-4F42-A2F9-4498384332C4}.Release|x64.Build.0 = Release|Any CPU
		{602E5988-4695-4F42-A2F9-4498384332C4}.Release|x86.ActiveCfg = Release|Any CPU
		{602E5988-4695-4F42-A2F9-4498384332C4}.Release|x86.Build.0 = Release|Any CPU
		{A1B2C3D4-E5F6-4A5B-8C9D-0E1F2A3B4C5D}.Debug|Any CPU.ActiveCfg = Debug|Any CPU
		{A1B2C3D4-E5F6-4A5B-8C9D-0E1F2A3B4C5D}.Debug|Any CPU.Build.0 = Debug|Any CPU
		{A1B2C3D4-E5F6-4A5B-8C9D-0E1F2A3B4C5D}.Debug|x64.ActiveCfg = Debug|Any CPU
		{A1B2C3D4-E5F6-4A5B-8C9D-0E1F2A3B4C5D}.Debug|x64.Build.0 = Debug|Any CPU
		{A1B2C3D4-E5F6-4A5B-8C9D-0E1F2A3B4C5D}.Debug|x86.ActiveCfg = Debug|Any CPU
		{A1B2C3D4-E5F6-4A5B-8C9D-0E1F2A3B4C5D}.Debug|x86.Build.0 = Debug|Any CPU
		{A1B2C3D4-E5F6-4A5B-8C9D-0E1F2A3B4C5D}.Release|Any CPU.ActiveCfg = Release|Any CPU
		{A1B2C3D4-E5F6-4A5B-8C9D-0E1F2A3B4C5D}.Release|Any CPU.Build.0 = Release|Any CPU
		{A1B2C3D4-E5F6-4A5B-8C9D-0E1F2A3B4C5D}.Release|x64.ActiveCfg = Release|Any CPU
		{A1B2C3D4-E5F6-4A5B-8C9D-0E1F2A3B4C5D}.Release|x64.Build.0 = Release|Any CPU
		{A1B2C3D4-E5F6-4A5B-8C9D-0E1F2A3B4C5D}.Release|x86.ActiveCfg = Release|Any CPU
		{A1B2C3D4-E5F6-4A5B-8C9D-0E1F2A3B4C5D}.Release|x86.Build.0 = Release|Any CPU
		{B2C3D4E5-F6A7-4B5C-9D0E-1F2A3B4C5D6E}.Debug|Any CPU.ActiveCfg = Debug|Any CPU
		{B2C3D4E5-F6A7-4B5C-9D0E-1F2A3B4C5D6E}.Debug|Any CPU.Build.0 = Debug|Any CPU
		{B2C3D4E5-F6A7-4B5C-9D0E-1F2A3B4C5D6E}.Debug|x64.ActiveCfg = Debug|Any CPU
		{B2C3D4E5-F6A7-4B5C-9D0E-1F2A3B4C5D6E}.Debug|x64.Build.0 = Debug|Any CPU
		{B2C3D4E5-F6A7-4B5C-9D0E-1F2A3B4C5D6E}.Debug|x86.ActiveCfg = Debug|Any CPU
		{B2C3D4E5-F6A7-4B5C-9D0E-1F2A3B4C5D6E}.Debug|x86.Build.0 = Debug|Any CPU
		{B2C3D4E5-F6A7-4B5C-9D0E-1F2A3B4C5D6E}.Release|Any CPU.ActiveCfg = Release|Any CPU
		{B2C3D4E5-F6A7-4B5C-9D0E-1F2A3B4C5D6E}.Release|Any CPU.Build.0 = Release|Any CPU
		{B2C3D4E5-F6A7-4B5C-9D0E-1F2A3B4C5D6E}.Release|x64.ActiveCfg = Release|Any CPU
		{B2C3D4E5-F6A7-4B5C-9D0E-1F2A3B4C5D6E}.Release|x64.Build.0 = Release|Any CPU
		{B2C3D4E5-F6A7-4B5C-9D0E-1F2A3B4C5D6E}.Release|x86.ActiveCfg = Release|Any CPU
		{B2C3D4E5-F6A7-4B5C-9D0E-1F2A3B4C5D6E}.Release|x86.Build.0 = Release|Any CPU
		{234E9998-DFE1-4619-8057-9873939D51AB}.Debug|Any CPU.ActiveCfg = Debug|Any CPU
		{234E9998-DFE1-4619-8057-9873939D51AB}.Debug|Any CPU.Build.0 = Debug|Any CPU
		{234E9998-DFE1-4619-8057-9873939D51AB}.Debug|x64.ActiveCfg = Debug|Any CPU
		{234E9998-DFE1-4619-8057-9873939D51AB}.Debug|x64.Build.0 = Debug|Any CPU
		{234E9998-DFE1-4619-8057-9873939D51AB}.Debug|x86.ActiveCfg = Debug|Any CPU
		{234E9998-DFE1-4619-8057-9873939D51AB}.Debug|x86.Build.0 = Debug|Any CPU
		{234E9998-DFE1-4619-8057-9873939D51AB}.Release|Any CPU.ActiveCfg = Release|Any CPU
		{234E9998-DFE1-4619-8057-9873939D51AB}.Release|Any CPU.Build.0 = Release|Any CPU
		{234E9998-DFE1-4619-8057-9873939D51AB}.Release|x64.ActiveCfg = Release|Any CPU
		{234E9998-DFE1-4619-8057-9873939D51AB}.Release|x64.Build.0 = Release|Any CPU
		{234E9998-DFE1-4619-8057-9873939D51AB}.Release|x86.ActiveCfg = Release|Any CPU
		{234E9998-DFE1-4619-8057-9873939D51AB}.Release|x86.Build.0 = Release|Any CPU
		{2D78738F-0959-4E81-BEA0-409A3CCFFF4B}.Debug|Any CPU.ActiveCfg = Debug|Any CPU
		{2D78738F-0959-4E81-BEA0-409A3CCFFF4B}.Debug|Any CPU.Build.0 = Debug|Any CPU
		{2D78738F-0959-4E81-BEA0-409A3CCFFF4B}.Debug|x64.ActiveCfg = Debug|Any CPU
		{2D78738F-0959-4E81-BEA0-409A3CCFFF4B}.Debug|x64.Build.0 = Debug|Any CPU
		{2D78738F-0959-4E81-BEA0-409A3CCFFF4B}.Debug|x86.ActiveCfg = Debug|Any CPU
		{2D78738F-0959-4E81-BEA0-409A3CCFFF4B}.Debug|x86.Build.0 = Debug|Any CPU
		{2D78738F-0959-4E81-BEA0-409A3CCFFF4B}.Release|Any CPU.ActiveCfg = Release|Any CPU
		{2D78738F-0959-4E81-BEA0-409A3CCFFF4B}.Release|Any CPU.Build.0 = Release|Any CPU
		{2D78738F-0959-4E81-BEA0-409A3CCFFF4B}.Release|x64.ActiveCfg = Release|Any CPU
		{2D78738F-0959-4E81-BEA0-409A3CCFFF4B}.Release|x64.Build.0 = Release|Any CPU
		{2D78738F-0959-4E81-BEA0-409A3CCFFF4B}.Release|x86.ActiveCfg = Release|Any CPU
		{2D78738F-0959-4E81-BEA0-409A3CCFFF4B}.Release|x86.Build.0 = Release|Any CPU
	EndGlobalSection
	GlobalSection(SolutionProperties) = preSolution
		HideSolutionNode = FALSE
	EndGlobalSection
	GlobalSection(NestedProjects) = preSolution
		{DDD5F3D5-685C-46A6-8531-012210301755} = {0AB3BF05-4346-4AA6-1389-037BE0695223}
		{602E5988-4695-4F42-A2F9-4498384332C4} = {0AB3BF05-4346-4AA6-1389-037BE0695223}
		{A1B2C3D4-E5F6-4A5B-8C9D-0E1F2A3B4C5D} = {0AB3BF05-4346-4AA6-1389-037BE0695223}
		{B2C3D4E5-F6A7-4B5C-9D0E-1F2A3B4C5D6E} = {0AB3BF05-4346-4AA6-1389-037BE0695223}
		{234E9998-DFE1-4619-8057-9873939D51AB} = {66320409-64EC-F7C5-3DEF-65E7510DAAD1}
		{2D78738F-0959-4E81-BEA0-409A3CCFFF4B} = {0AB3BF05-4346-4AA6-1389-037BE0695223}
	EndGlobalSection
EndGlobal
